
Microsoft Visual Studio Solution File, Format Version 12.00
# Visual Studio 15
VisualStudioVersion = 15.0.28010.2003
MinimumVisualStudioVersion = 10.0.40219.1
Project("{9A19103F-16F7-4668-BE54-9A1E7A4F7556}") = "CosmosDbSubCollections", "CosmosDbSubCollections\CosmosDbSubCollections.csproj", "{E803933B-D204-461C-8AC6-587959DDF613}"
EndProject
Project("{9A19103F-16F7-4668-BE54-9A1E7A4F7556}") = "CosmosDbSubCollections.Demo", "CosmosDbSubCollections.Demo\CosmosDbSubCollections.Demo.csproj", "{03889B65-BF76-48EE-A221-DCEBC22A94CE}"
EndProject
Global
	GlobalSection(SolutionConfigurationPlatforms) = preSolution
		Debug|Any CPU = Debug|Any CPU
		Release|Any CPU = Release|Any CPU
	EndGlobalSection
	GlobalSection(ProjectConfigurationPlatforms) = postSolution
		{E803933B-D204-461C-8AC6-587959DDF613}.Debug|Any CPU.ActiveCfg = Debug|Any CPU
		{E803933B-D204-461C-8AC6-587959DDF613}.Debug|Any CPU.Build.0 = Debug|Any CPU
		{E803933B-D204-461C-8AC6-587959DDF613}.Release|Any CPU.ActiveCfg = Release|Any CPU
		{E803933B-D204-461C-8AC6-587959DDF613}.Release|Any CPU.Build.0 = Release|Any CPU
		{03889B65-BF76-48EE-A221-DCEBC22A94CE}.Debug|Any CPU.ActiveCfg = Debug|Any CPU
		{03889B65-BF76-48EE-A221-DCEBC22A94CE}.Debug|Any CPU.Build.0 = Debug|Any CPU
		{03889B65-BF76-48EE-A221-DCEBC22A94CE}.Release|Any CPU.ActiveCfg = Release|Any CPU
		{03889B65-BF76-48EE-A221-DCEBC22A94CE}.Release|Any CPU.Build.0 = Release|Any CPU
	EndGlobalSection
	GlobalSection(SolutionProperties) = preSolution
		HideSolutionNode = FALSE
	EndGlobalSection
	GlobalSection(ExtensibilityGlobals) = postSolution
		SolutionGuid = {93FCE0C6-DF52-47D1-ACAE-7E4CE8821EEF}
	EndGlobalSection
EndGlobal
